// !$*UTF8*$!
{
	archiveVersion = 1;
	classes = {
	};
	objectVersion = 46;
	objects = {

/* Begin PBXBuildFile section */
		835AC7FA1C7418F2007C54C0 /* AppDelegate.swift in Sources */ = {isa = PBXBuildFile; fileRef = 835AC7F91C7418F2007C54C0 /* AppDelegate.swift */; };
		835AC7FC1C7418F2007C54C0 /* ViewController.swift in Sources */ = {isa = PBXBuildFile; fileRef = 835AC7FB1C7418F2007C54C0 /* ViewController.swift */; };
		835AC7FF1C7418F2007C54C0 /* Main.storyboard in Resources */ = {isa = PBXBuildFile; fileRef = 835AC7FD1C7418F2007C54C0 /* Main.storyboard */; };
		835AC8011C7418F3007C54C0 /* Assets.xcassets in Resources */ = {isa = PBXBuildFile; fileRef = 835AC8001C7418F3007C54C0 /* Assets.xcassets */; };
		835AC8041C7418F3007C54C0 /* LaunchScreen.storyboard in Resources */ = {isa = PBXBuildFile; fileRef = 835AC8021C7418F3007C54C0 /* LaunchScreen.storyboard */; };
		835AC80F1C7418F3007C54C0 /* DeckOfCardsAPIMiniLessonTests.swift in Sources */ = {isa = PBXBuildFile; fileRef = 835AC80E1C7418F3007C54C0 /* DeckOfCardsAPIMiniLessonTests.swift */; };
		835AC81A1C7418F3007C54C0 /* DeckOfCardsAPIMiniLessonUITests.swift in Sources */ = {isa = PBXBuildFile; fileRef = 835AC8191C7418F3007C54C0 /* DeckOfCardsAPIMiniLessonUITests.swift */; };
/* End PBXBuildFile section */

/* Begin PBXContainerItemProxy section */
		835AC80B1C7418F3007C54C0 /* PBXContainerItemProxy */ = {
			isa = PBXContainerItemProxy;
			containerPortal = 835AC7EE1C7418F2007C54C0 /* Project object */;
			proxyType = 1;
			remoteGlobalIDString = 835AC7F51C7418F2007C54C0;
			remoteInfo = DeckOfCardsAPIMiniLesson;
		};
		835AC8161C7418F3007C54C0 /* PBXContainerItemProxy */ = {
			isa = PBXContainerItemProxy;
			containerPortal = 835AC7EE1C7418F2007C54C0 /* Project object */;
			proxyType = 1;
			remoteGlobalIDString = 835AC7F51C7418F2007C54C0;
			remoteInfo = DeckOfCardsAPIMiniLesson;
		};
/* End PBXContainerItemProxy section */

/* Begin PBXFileReference section */
		835AC7F61C7418F2007C54C0 /* DeckOfCardsAPIMiniLesson.app */ = {isa = PBXFileReference; explicitFileType = wrapper.application; includeInIndex = 0; path = DeckOfCardsAPIMiniLesson.app; sourceTree = BUILT_PRODUCTS_DIR; };
		835AC7F91C7418F2007C54C0 /* AppDelegate.swift */ = {isa = PBXFileReference; lastKnownFileType = sourcecode.swift; path = AppDelegate.swift; sourceTree = "<group>"; };
		835AC7FB1C7418F2007C54C0 /* ViewController.swift */ = {isa = PBXFileReference; lastKnownFileType = sourcecode.swift; path = ViewController.swift; sourceTree = "<group>"; };
		835AC7FE1C7418F2007C54C0 /* Base */ = {isa = PBXFileReference; lastKnownFileType = file.storyboard; name = Base; path = Base.lproj/Main.storyboard; sourceTree = "<group>"; };
		835AC8001C7418F3007C54C0 /* Assets.xcassets */ = {isa = PBXFileReference; lastKnownFileType = folder.assetcatalog; path = Assets.xcassets; sourceTree = "<group>"; };
		835AC8031C7418F3007C54C0 /* Base */ = {isa = PBXFileReference; lastKnownFileType = file.storyboard; name = Base; path = Base.lproj/LaunchScreen.storyboard; sourceTree = "<group>"; };
		835AC8051C7418F3007C54C0 /* Info.plist */ = {isa = PBXFileReference; lastKnownFileType = text.plist.xml; path = Info.plist; sourceTree = "<group>"; };
		835AC80A1C7418F3007C54C0 /* DeckOfCardsAPIMiniLessonTests.xctest */ = {isa = PBXFileReference; explicitFileType = wrapper.cfbundle; includeInIndex = 0; path = DeckOfCardsAPIMiniLessonTests.xctest; sourceTree = BUILT_PRODUCTS_DIR; };
		835AC80E1C7418F3007C54C0 /* DeckOfCardsAPIMiniLessonTests.swift */ = {isa = PBXFileReference; lastKnownFileType = sourcecode.swift; path = DeckOfCardsAPIMiniLessonTests.swift; sourceTree = "<group>"; };
		835AC8101C7418F3007C54C0 /* Info.plist */ = {isa = PBXFileReference; lastKnownFileType = text.plist.xml; path = Info.plist; sourceTree = "<group>"; };
		835AC8151C7418F3007C54C0 /* DeckOfCardsAPIMiniLessonUITests.xctest */ = {isa = PBXFileReference; explicitFileType = wrapper.cfbundle; includeInIndex = 0; path = DeckOfCardsAPIMiniLessonUITests.xctest; sourceTree = BUILT_PRODUCTS_DIR; };
		835AC8191C7418F3007C54C0 /* DeckOfCardsAPIMiniLessonUITests.swift */ = {isa = PBXFileReference; lastKnownFileType = sourcecode.swift; path = DeckOfCardsAPIMiniLessonUITests.swift; sourceTree = "<group>"; };
		835AC81B1C7418F3007C54C0 /* Info.plist */ = {isa = PBXFileReference; lastKnownFileType = text.plist.xml; path = Info.plist; sourceTree = "<group>"; };
/* End PBXFileReference section */

/* Begin PBXFrameworksBuildPhase section */
		835AC7F31C7418F2007C54C0 /* Frameworks */ = {
			isa = PBXFrameworksBuildPhase;
			buildActionMask = 2147483647;
			files = (
			);
			runOnlyForDeploymentPostprocessing = 0;
		};
		835AC8071C7418F3007C54C0 /* Frameworks */ = {
			isa = PBXFrameworksBuildPhase;
			buildActionMask = 2147483647;
			files = (
			);
			runOnlyForDeploymentPostprocessing = 0;
		};
		835AC8121C7418F3007C54C0 /* Frameworks */ = {
			isa = PBXFrameworksBuildPhase;
			buildActionMask = 2147483647;
			files = (
			);
			runOnlyForDeploymentPostprocessing = 0;
		};
/* End PBXFrameworksBuildPhase section */

/* Begin PBXGroup section */
		835AC7ED1C7418F2007C54C0 = {
			isa = PBXGroup;
			children = (
				835AC7F81C7418F2007C54C0 /* DeckOfCardsAPIMiniLesson */,
				835AC80D1C7418F3007C54C0 /* DeckOfCardsAPIMiniLessonTests */,
				835AC8181C7418F3007C54C0 /* DeckOfCardsAPIMiniLessonUITests */,
				835AC7F71C7418F2007C54C0 /* Products */,
			);
			sourceTree = "<group>";
		};
		835AC7F71C7418F2007C54C0 /* Products */ = {
			isa = PBXGroup;
			children = (
				835AC7F61C7418F2007C54C0 /* DeckOfCardsAPIMiniLesson.app */,
				835AC80A1C7418F3007C54C0 /* DeckOfCardsAPIMiniLessonTests.xctest */,
				835AC8151C7418F3007C54C0 /* DeckOfCardsAPIMiniLessonUITests.xctest */,
			);
			name = Products;
			sourceTree = "<group>";
		};
		835AC7F81C7418F2007C54C0 /* DeckOfCardsAPIMiniLesson */ = {
			isa = PBXGroup;
			children = (
				835AC7F91C7418F2007C54C0 /* AppDelegate.swift */,
				835AC7FB1C7418F2007C54C0 /* ViewController.swift */,
				835AC7FD1C7418F2007C54C0 /* Main.storyboard */,
				835AC8001C7418F3007C54C0 /* Assets.xcassets */,
				835AC8021C7418F3007C54C0 /* LaunchScreen.storyboard */,
				835AC8051C7418F3007C54C0 /* Info.plist */,
			);
			path = DeckOfCardsAPIMiniLesson;
			sourceTree = "<group>";
		};
		835AC80D1C7418F3007C54C0 /* DeckOfCardsAPIMiniLessonTests */ = {
			isa = PBXGroup;
			children = (
				835AC80E1C7418F3007C54C0 /* DeckOfCardsAPIMiniLessonTests.swift */,
				835AC8101C7418F3007C54C0 /* Info.plist */,
			);
			path = DeckOfCardsAPIMiniLessonTests;
			sourceTree = "<group>";
		};
		835AC8181C7418F3007C54C0 /* DeckOfCardsAPIMiniLessonUITests */ = {
			isa = PBXGroup;
			children = (
				835AC8191C7418F3007C54C0 /* DeckOfCardsAPIMiniLessonUITests.swift */,
				835AC81B1C7418F3007C54C0 /* Info.plist */,
			);
			path = DeckOfCardsAPIMiniLessonUITests;
			sourceTree = "<group>";
		};
/* End PBXGroup section */

/* Begin PBXNativeTarget section */
		835AC7F51C7418F2007C54C0 /* DeckOfCardsAPIMiniLesson */ = {
			isa = PBXNativeTarget;
			buildConfigurationList = 835AC81E1C7418F3007C54C0 /* Build configuration list for PBXNativeTarget "DeckOfCardsAPIMiniLesson" */;
			buildPhases = (
				835AC7F21C7418F2007C54C0 /* Sources */,
				835AC7F31C7418F2007C54C0 /* Frameworks */,
				835AC7F41C7418F2007C54C0 /* Resources */,
			);
			buildRules = (
			);
			dependencies = (
			);
			name = DeckOfCardsAPIMiniLesson;
			productName = DeckOfCardsAPIMiniLesson;
			productReference = 835AC7F61C7418F2007C54C0 /* DeckOfCardsAPIMiniLesson.app */;
			productType = "com.apple.product-type.application";
		};
		835AC8091C7418F3007C54C0 /* DeckOfCardsAPIMiniLessonTests */ = {
			isa = PBXNativeTarget;
			buildConfigurationList = 835AC8211C7418F3007C54C0 /* Build configuration list for PBXNativeTarget "DeckOfCardsAPIMiniLessonTests" */;
			buildPhases = (
				835AC8061C7418F3007C54C0 /* Sources */,
				835AC8071C7418F3007C54C0 /* Frameworks */,
				835AC8081C7418F3007C54C0 /* Resources */,
			);
			buildRules = (
			);
			dependencies = (
				835AC80C1C7418F3007C54C0 /* PBXTargetDependency */,
			);
			name = DeckOfCardsAPIMiniLessonTests;
			productName = DeckOfCardsAPIMiniLessonTests;
			productReference = 835AC80A1C7418F3007C54C0 /* DeckOfCardsAPIMiniLessonTests.xctest */;
			productType = "com.apple.product-type.bundle.unit-test";
		};
		835AC8141C7418F3007C54C0 /* DeckOfCardsAPIMiniLessonUITests */ = {
			isa = PBXNativeTarget;
			buildConfigurationList = 835AC8241C7418F3007C54C0 /* Build configuration list for PBXNativeTarget "DeckOfCardsAPIMiniLessonUITests" */;
			buildPhases = (
				835AC8111C7418F3007C54C0 /* Sources */,
				835AC8121C7418F3007C54C0 /* Frameworks */,
				835AC8131C7418F3007C54C0 /* Resources */,
			);
			buildRules = (
			);
			dependencies = (
				835AC8171C7418F3007C54C0 /* PBXTargetDependency */,
			);
			name = DeckOfCardsAPIMiniLessonUITests;
			productName = DeckOfCardsAPIMiniLessonUITests;
			productReference = 835AC8151C7418F3007C54C0 /* DeckOfCardsAPIMiniLessonUITests.xctest */;
			productType = "com.apple.product-type.bundle.ui-testing";
		};
/* End PBXNativeTarget section */

/* Begin PBXProject section */
		835AC7EE1C7418F2007C54C0 /* Project object */ = {
			isa = PBXProject;
			attributes = {
				LastSwiftUpdateCheck = 0720;
				LastUpgradeCheck = 0720;
				ORGANIZATIONNAME = "Jordan Nelson";
				TargetAttributes = {
					835AC7F51C7418F2007C54C0 = {
						CreatedOnToolsVersion = 7.2.1;
					};
					835AC8091C7418F3007C54C0 = {
						CreatedOnToolsVersion = 7.2.1;
						TestTargetID = 835AC7F51C7418F2007C54C0;
					};
					835AC8141C7418F3007C54C0 = {
						CreatedOnToolsVersion = 7.2.1;
						TestTargetID = 835AC7F51C7418F2007C54C0;
					};
				};
			};
			buildConfigurationList = 835AC7F11C7418F2007C54C0 /* Build configuration list for PBXProject "DeckOfCardsAPIMiniLesson" */;
			compatibilityVersion = "Xcode 3.2";
			developmentRegion = English;
			hasScannedForEncodings = 0;
			knownRegions = (
				en,
				Base,
			);
			mainGroup = 835AC7ED1C7418F2007C54C0;
			productRefGroup = 835AC7F71C7418F2007C54C0 /* Products */;
			projectDirPath = "";
			projectRoot = "";
			targets = (
				835AC7F51C7418F2007C54C0 /* DeckOfCardsAPIMiniLesson */,
				835AC8091C7418F3007C54C0 /* DeckOfCardsAPIMiniLessonTests */,
				835AC8141C7418F3007C54C0 /* DeckOfCardsAPIMiniLessonUITests */,
			);
		};
/* End PBXProject section */

/* Begin PBXResourcesBuildPhase section */
		835AC7F41C7418F2007C54C0 /* Resources */ = {
			isa = PBXResourcesBuildPhase;
			buildActionMask = 2147483647;
			files = (
				835AC8041C7418F3007C54C0 /* LaunchScreen.storyboard in Resources */,
				835AC8011C7418F3007C54C0 /* Assets.xcassets in Resources */,
				835AC7FF1C7418F2007C54C0 /* Main.storyboard in Resources */,
			);
			runOnlyForDeploymentPostprocessing = 0;
		};
		835AC8081C7418F3007C54C0 /* Resources */ = {
			isa = PBXResourcesBuildPhase;
			buildActionMask = 2147483647;
			files = (
			);
			runOnlyForDeploymentPostprocessing = 0;
		};
		835AC8131C7418F3007C54C0 /* Resources */ = {
			isa = PBXResourcesBuildPhase;
			buildActionMask = 2147483647;
			files = (
			);
			runOnlyForDeploymentPostprocessing = 0;
		};
/* End PBXResourcesBuildPhase section */

/* Begin PBXSourcesBuildPhase section */
		835AC7F21C7418F2007C54C0 /* Sources */ = {
			isa = PBXSourcesBuildPhase;
			buildActionMask = 2147483647;
			files = (
				835AC7FC1C7418F2007C54C0 /* ViewController.swift in Sources */,
				835AC7FA1C7418F2007C54C0 /* AppDelegate.swift in Sources */,
			);
			runOnlyForDeploymentPostprocessing = 0;
		};
		835AC8061C7418F3007C54C0 /* Sources */ = {
			isa = PBXSourcesBuildPhase;
			buildActionMask = 2147483647;
			files = (
				835AC80F1C7418F3007C54C0 /* DeckOfCardsAPIMiniLessonTests.swift in Sources */,
			);
			runOnlyForDeploymentPostprocessing = 0;
		};
		835AC8111C7418F3007C54C0 /* Sources */ = {
			isa = PBXSourcesBuildPhase;
			buildActionMask = 2147483647;
			files = (
				835AC81A1C7418F3007C54C0 /* DeckOfCardsAPIMiniLessonUITests.swift in Sources */,
			);
			runOnlyForDeploymentPostprocessing = 0;
		};
/* End PBXSourcesBuildPhase section */

/* Begin PBXTargetDependency section */
		835AC80C1C7418F3007C54C0 /* PBXTargetDependency */ = {
			isa = PBXTargetDependency;
			target = 835AC7F51C7418F2007C54C0 /* DeckOfCardsAPIMiniLesson */;
			targetProxy = 835AC80B1C7418F3007C54C0 /* PBXContainerItemProxy */;
		};
		835AC8171C7418F3007C54C0 /* PBXTargetDependency */ = {
			isa = PBXTargetDependency;
			target = 835AC7F51C7418F2007C54C0 /* DeckOfCardsAPIMiniLesson */;
			targetProxy = 835AC8161C7418F3007C54C0 /* PBXContainerItemProxy */;
		};
/* End PBXTargetDependency section */

/* Begin PBXVariantGroup section */
		835AC7FD1C7418F2007C54C0 /* Main.storyboard */ = {
			isa = PBXVariantGroup;
			children = (
				835AC7FE1C7418F2007C54C0 /* Base */,
			);
			name = Main.storyboard;
			sourceTree = "<group>";
		};
		835AC8021C7418F3007C54C0 /* LaunchScreen.storyboard */ = {
			isa = PBXVariantGroup;
			children = (
				835AC8031C7418F3007C54C0 /* Base */,
			);
			name = LaunchScreen.storyboard;
			sourceTree = "<group>";
		};
/* End PBXVariantGroup section */

/* Begin XCBuildConfiguration section */
		835AC81C1C7418F3007C54C0 /* Debug */ = {
			isa = XCBuildConfiguration;
			buildSettings = {
				ALWAYS_SEARCH_USER_PATHS = NO;
				CLANG_CXX_LANGUAGE_STANDARD = "gnu++0x";
				CLANG_CXX_LIBRARY = "libc++";
				CLANG_ENABLE_MODULES = YES;
				CLANG_ENABLE_OBJC_ARC = YES;
				CLANG_WARN_BOOL_CONVERSION = YES;
				CLANG_WARN_CONSTANT_CONVERSION = YES;
				CLANG_WARN_DIRECT_OBJC_ISA_USAGE = YES_ERROR;
				CLANG_WARN_EMPTY_BODY = YES;
				CLANG_WARN_ENUM_CONVERSION = YES;
				CLANG_WARN_INT_CONVERSION = YES;
				CLANG_WARN_OBJC_ROOT_CLASS = YES_ERROR;
				CLANG_WARN_UNREACHABLE_CODE = YES;
				CLANG_WARN__DUPLICATE_METHOD_MATCH = YES;
				"CODE_SIGN_IDENTITY[sdk=iphoneos*]" = "iPhone Developer";
				COPY_PHASE_STRIP = NO;
				DEBUG_INFORMATION_FORMAT = dwarf;
				ENABLE_STRICT_OBJC_MSGSEND = YES;
				ENABLE_TESTABILITY = YES;
				GCC_C_LANGUAGE_STANDARD = gnu99;
				GCC_DYNAMIC_NO_PIC = NO;
				GCC_NO_COMMON_BLOCKS = YES;
				GCC_OPTIMIZATION_LEVEL = 0;
				GCC_PREPROCESSOR_DEFINITIONS = (
					"DEBUG=1",
					"$(inherited)",
				);
				GCC_WARN_64_TO_32_BIT_CONVERSION = YES;
				GCC_WARN_ABOUT_RETURN_TYPE = YES_ERROR;
				GCC_WARN_UNDECLARED_SELECTOR = YES;
				GCC_WARN_UNINITIALIZED_AUTOS = YES_AGGRESSIVE;
				GCC_WARN_UNUSED_FUNCTION = YES;
				GCC_WARN_UNUSED_VARIABLE = YES;
				IPHONEOS_DEPLOYMENT_TARGET = 9.2;
				MTL_ENABLE_DEBUG_INFO = YES;
				ONLY_ACTIVE_ARCH = YES;
				SDKROOT = iphoneos;
				SWIFT_OPTIMIZATION_LEVEL = "-Onone";
				TARGETED_DEVICE_FAMILY = "1,2";
			};
			name = Debug;
		};
		835AC81D1C7418F3007C54C0 /* Release */ = {
			isa = XCBuildConfiguration;
			buildSettings = {
				ALWAYS_SEARCH_USER_PATHS = NO;
				CLANG_CXX_LANGUAGE_STANDARD = "gnu++0x";
				CLANG_CXX_LIBRARY = "libc++";
				CLANG_ENABLE_MODULES = YES;
				CLANG_ENABLE_OBJC_ARC = YES;
				CLANG_WARN_BOOL_CONVERSION = YES;
				CLANG_WARN_CONSTANT_CONVERSION = YES;
				CLANG_WARN_DIRECT_OBJC_ISA_USAGE = YES_ERROR;
				CLANG_WARN_EMPTY_BODY = YES;
				CLANG_WARN_ENUM_CONVERSION = YES;
				CLANG_WARN_INT_CONVERSION = YES;
				CLANG_WARN_OBJC_ROOT_CLASS = YES_ERROR;
				CLANG_WARN_UNREACHABLE_CODE = YES;
				CLANG_WARN__DUPLICATE_METHOD_MATCH = YES;
				"CODE_SIGN_IDENTITY[sdk=iphoneos*]" = "iPhone Developer";
				COPY_PHASE_STRIP = NO;
				DEBUG_INFORMATION_FORMAT = "dwarf-with-dsym";
				ENABLE_NS_ASSERTIONS = NO;
				ENABLE_STRICT_OBJC_MSGSEND = YES;
				GCC_C_LANGUAGE_STANDARD = gnu99;
				GCC_NO_COMMON_BLOCKS = YES;
				GCC_WARN_64_TO_32_BIT_CONVERSION = YES;
				GCC_WARN_ABOUT_RETURN_TYPE = YES_ERROR;
				GCC_WARN_UNDECLARED_SELECTOR = YES;
				GCC_WARN_UNINITIALIZED_AUTOS = YES_AGGRESSIVE;
				GCC_WARN_UNUSED_FUNCTION = YES;
				GCC_WARN_UNUSED_VARIABLE = YES;
				IPHONEOS_DEPLOYMENT_TARGET = 9.2;
				MTL_ENABLE_DEBUG_INFO = NO;
				SDKROOT = iphoneos;
				TARGETED_DEVICE_FAMILY = "1,2";
				VALIDATE_PRODUCT = YES;
			};
			name = Release;
		};
		835AC81F1C7418F3007C54C0 /* Debug */ = {
			isa = XCBuildConfiguration;
			buildSettings = {
				ASSETCATALOG_COMPILER_APPICON_NAME = AppIcon;
				INFOPLIST_FILE = DeckOfCardsAPIMiniLesson/Info.plist;
				LD_RUNPATH_SEARCH_PATHS = "$(inherited) @executable_path/Frameworks";
				PRODUCT_BUNDLE_IDENTIFIER = DevMtn.DeckOfCardsAPIMiniLesson;
				PRODUCT_NAME = "$(TARGET_NAME)";
			};
			name = Debug;
		};
		835AC8201C7418F3007C54C0 /* Release */ = {
			isa = XCBuildConfiguration;
			buildSettings = {
				ASSETCATALOG_COMPILER_APPICON_NAME = AppIcon;
				INFOPLIST_FILE = DeckOfCardsAPIMiniLesson/Info.plist;
				LD_RUNPATH_SEARCH_PATHS = "$(inherited) @executable_path/Frameworks";
				PRODUCT_BUNDLE_IDENTIFIER = DevMtn.DeckOfCardsAPIMiniLesson;
				PRODUCT_NAME = "$(TARGET_NAME)";
			};
			name = Release;
		};
		835AC8221C7418F3007C54C0 /* Debug */ = {
			isa = XCBuildConfiguration;
			buildSettings = {
				BUNDLE_LOADER = "$(TEST_HOST)";
				INFOPLIST_FILE = DeckOfCardsAPIMiniLessonTests/Info.plist;
				LD_RUNPATH_SEARCH_PATHS = "$(inherited) @executable_path/Frameworks @loader_path/Frameworks";
				PRODUCT_BUNDLE_IDENTIFIER = DevMtn.DeckOfCardsAPIMiniLessonTests;
				PRODUCT_NAME = "$(TARGET_NAME)";
				TEST_HOST = "$(BUILT_PRODUCTS_DIR)/DeckOfCardsAPIMiniLesson.app/DeckOfCardsAPIMiniLesson";
			};
			name = Debug;
		};
		835AC8231C7418F3007C54C0 /* Release */ = {
			isa = XCBuildConfiguration;
			buildSettings = {
				BUNDLE_LOADER = "$(TEST_HOST)";
				INFOPLIST_FILE = DeckOfCardsAPIMiniLessonTests/Info.plist;
				LD_RUNPATH_SEARCH_PATHS = "$(inherited) @executable_path/Frameworks @loader_path/Frameworks";
				PRODUCT_BUNDLE_IDENTIFIER = DevMtn.DeckOfCardsAPIMiniLessonTests;
				PRODUCT_NAME = "$(TARGET_NAME)";
				TEST_HOST = "$(BUILT_PRODUCTS_DIR)/DeckOfCardsAPIMiniLesson.app/DeckOfCardsAPIMiniLesson";
			};
			name = Release;
		};
		835AC8251C7418F3007C54C0 /* Debug */ = {
			isa = XCBuildConfiguration;
			buildSettings = {
				INFOPLIST_FILE = DeckOfCardsAPIMiniLessonUITests/Info.plist;
				LD_RUNPATH_SEARCH_PATHS = "$(inherited) @executable_path/Frameworks @loader_path/Frameworks";
				PRODUCT_BUNDLE_IDENTIFIER = DevMtn.DeckOfCardsAPIMiniLessonUITests;
				PRODUCT_NAME = "$(TARGET_NAME)";
				TEST_TARGET_NAME = DeckOfCardsAPIMiniLesson;
				USES_XCTRUNNER = YES;
			};
			name = Debug;
		};
		835AC8261C7418F3007C54C0 /* Release */ = {
			isa = XCBuildConfiguration;
			buildSettings = {
				INFOPLIST_FILE = DeckOfCardsAPIMiniLessonUITests/Info.plist;
				LD_RUNPATH_SEARCH_PATHS = "$(inherited) @executable_path/Frameworks @loader_path/Frameworks";
				PRODUCT_BUNDLE_IDENTIFIER = DevMtn.DeckOfCardsAPIMiniLessonUITests;
				PRODUCT_NAME = "$(TARGET_NAME)";
				TEST_TARGET_NAME = DeckOfCardsAPIMiniLesson;
				USES_XCTRUNNER = YES;
			};
			name = Release;
		};
/* End XCBuildConfiguration section */

/* Begin XCConfigurationList section */
		835AC7F11C7418F2007C54C0 /* Build configuration list for PBXProject "DeckOfCardsAPIMiniLesson" */ = {
			isa = XCConfigurationList;
			buildConfigurations = (
				835AC81C1C7418F3007C54C0 /* Debug */,
				835AC81D1C7418F3007C54C0 /* Release */,
			);
			defaultConfigurationIsVisible = 0;
			defaultConfigurationName = Release;
		};
		835AC81E1C7418F3007C54C0 /* Build configuration list for PBXNativeTarget "DeckOfCardsAPIMiniLesson" */ = {
			isa = XCConfigurationList;
			buildConfigurations = (
				835AC81F1C7418F3007C54C0 /* Debug */,
				835AC8201C7418F3007C54C0 /* Release */,
			);
			defaultConfigurationIsVisible = 0;
		};
		835AC8211C7418F3007C54C0 /* Build configuration list for PBXNativeTarget "DeckOfCardsAPIMiniLessonTests" */ = {
			isa = XCConfigurationList;
			buildConfigurations = (
				835AC8221C7418F3007C54C0 /* Debug */,
				835AC8231C7418F3007C54C0 /* Release */,
			);
			defaultConfigurationIsVisible = 0;
		};
		835AC8241C7418F3007C54C0 /* Build configuration list for PBXNativeTarget "DeckOfCardsAPIMiniLessonUITests" */ = {
			isa = XCConfigurationList;
			buildConfigurations = (
				835AC8251C7418F3007C54C0 /* Debug */,
				835AC8261C7418F3007C54C0 /* Release */,
			);
			defaultConfigurationIsVisible = 0;
		};
/* End XCConfigurationList section */
	};
	rootObject = 835AC7EE1C7418F2007C54C0 /* Project object */;
}
